# This file is automatically @generated by Cargo.
# It is not intended for manual editing.
[[package]]
name = "libc"
version = "0.2.69"
source = "registry+https://github.com/rust-lang/crates.io-index"

[[package]]
name = "udp"
version = "0.1.0"
dependencies = [
 "libc 0.2.69 (registry+https://github.com/rust-lang/crates.io-index)",
]

[metadata]
"checksum libc 0.2.69 (registry+https://github.com/rust-lang/crates.io-index)" = "99e85c08494b21a9054e7fe1374a732aeadaff3980b6990b94bfd3a70f690005"
